// !$*UTF8*$!
{
	archiveVersion = 1;
	classes = {
	};
	objectVersion = 77;
	objects = {

/* Begin PBXBuildFile section */
		E65B01BC2D97795300BF0024 /* .env in Resources */ = {isa = PBXBuildFile; fileRef = E65B01BB2D97795300BF0024 /* .env */; };
		E6F88D312E00AF5900D94F9A /* Secrets.xcconfig in Resources */ = {isa = PBXBuildFile; fileRef = E6F88D302E00AF5800D94F9A /* Secrets.xcconfig */; };
		E6F88D322E00AF5900D94F9A /* Secrets.xcconfig in Resources */ = {isa = PBXBuildFile; fileRef = E6F88D302E00AF5800D94F9A /* Secrets.xcconfig */; };
		E6F88D332E00AF5900D94F9A /* Secrets.xcconfig in Resources */ = {isa = PBXBuildFile; fileRef = E6F88D302E00AF5800D94F9A /* Secrets.xcconfig */; };
/* End PBXBuildFile section */

/* Begin PBXContainerItemProxy section */
		E64F092A2D8CA7E300B5DABE /* PBXContainerItemProxy */ = {
			isa = PBXContainerItemProxy;
			containerPortal = E64F090C2D8CA7E200B5DABE /* Project object */;
			proxyType = 1;
			remoteGlobalIDString = E64F09132D8CA7E200B5DABE;
			remoteInfo = Vinyls;
		};
		E64F09342D8CA7E300B5DABE /* PBXContainerItemProxy */ = {
			isa = PBXContainerItemProxy;
			containerPortal = E64F090C2D8CA7E200B5DABE /* Project object */;
			proxyType = 1;
			remoteGlobalIDString = E64F09132D8CA7E200B5DABE;
			remoteInfo = Vinyls;
		};
/* End PBXContainerItemProxy section */

/* Begin PBXFileReference section */
		E64F09142D8CA7E200B5DABE /* Vinyls.app */ = {isa = PBXFileReference; explicitFileType = wrapper.application; includeInIndex = 0; path = Vinyls.app; sourceTree = BUILT_PRODUCTS_DIR; };
		E64F09292D8CA7E300B5DABE /* VinylsTests.xctest */ = {isa = PBXFileReference; explicitFileType = wrapper.cfbundle; includeInIndex = 0; path = VinylsTests.xctest; sourceTree = BUILT_PRODUCTS_DIR; };
		E64F09332D8CA7E300B5DABE /* VinylsUITests.xctest */ = {isa = PBXFileReference; explicitFileType = wrapper.cfbundle; includeInIndex = 0; path = VinylsUITests.xctest; sourceTree = BUILT_PRODUCTS_DIR; };
		E65B01BB2D97795300BF0024 /* .env */ = {isa = PBXFileReference; lastKnownFileType = text; path = .env; sourceTree = "<group>"; };
		E6F88D302E00AF5800D94F9A /* Secrets.xcconfig */ = {isa = PBXFileReference; lastKnownFileType = text.xcconfig; path = Secrets.xcconfig; sourceTree = "<group>"; };
/* End PBXFileReference section */

/* Begin PBXFileSystemSynchronizedBuildFileExceptionSet section */
		E6F88D352E00D88F00D94F9A /* Exceptions for "Vinyls" folder in "Vinyls" target */ = {
			isa = PBXFileSystemSynchronizedBuildFileExceptionSet;
			membershipExceptions = (
				Info.plist,
			);
			target = E64F09132D8CA7E200B5DABE /* Vinyls */;
		};
/* End PBXFileSystemSynchronizedBuildFileExceptionSet section */

/* Begin PBXFileSystemSynchronizedRootGroup section */
		E64F09162D8CA7E200B5DABE /* Vinyls */ = {
			isa = PBXFileSystemSynchronizedRootGroup;
			exceptions = (
				E6F88D352E00D88F00D94F9A /* Exceptions for "Vinyls" folder in "Vinyls" target */,
			);
			path = Vinyls;
			sourceTree = "<group>";
		};
		E64F092C2D8CA7E300B5DABE /* VinylsTests */ = {
			isa = PBXFileSystemSynchronizedRootGroup;
			path = VinylsTests;
			sourceTree = "<group>";
		};
		E64F09362D8CA7E300B5DABE /* VinylsUITests */ = {
			isa = PBXFileSystemSynchronizedRootGroup;
			path = VinylsUITests;
			sourceTree = "<group>";
		};
/* End PBXFileSystemSynchronizedRootGroup section */

/* Begin PBXFrameworksBuildPhase section */
		E64F09112D8CA7E200B5DABE /* Frameworks */ = {
			isa = PBXFrameworksBuildPhase;
			buildActionMask = 2147483647;
			files = (
			);
			runOnlyForDeploymentPostprocessing = 0;
		};
		E64F09262D8CA7E300B5DABE /* Frameworks */ = {
			isa = PBXFrameworksBuildPhase;
			buildActionMask = 2147483647;
			files = (
			);
			runOnlyForDeploymentPostprocessing = 0;
		};
		E64F09302D8CA7E300B5DABE /* Frameworks */ = {
			isa = PBXFrameworksBuildPhase;
			buildActionMask = 2147483647;
			files = (
			);
			runOnlyForDeploymentPostprocessing = 0;
		};
/* End PBXFrameworksBuildPhase section */

/* Begin PBXGroup section */
		E64F090B2D8CA7E200B5DABE = {
			isa = PBXGroup;
			children = (
				E65B01BB2D97795300BF0024 /* .env */,
				E6F88D302E00AF5800D94F9A /* Secrets.xcconfig */,
				E64F09162D8CA7E200B5DABE /* Vinyls */,
				E64F092C2D8CA7E300B5DABE /* VinylsTests */,
				E64F09362D8CA7E300B5DABE /* VinylsUITests */,
				E64F09152D8CA7E200B5DABE /* Products */,
			);
			sourceTree = "<group>";
		};
		E64F09152D8CA7E200B5DABE /* Products */ = {
			isa = PBXGroup;
			children = (
				E64F09142D8CA7E200B5DABE /* Vinyls.app */,
				E64F09292D8CA7E300B5DABE /* VinylsTests.xctest */,
				E64F09332D8CA7E300B5DABE /* VinylsUITests.xctest */,
			);
			name = Products;
			sourceTree = "<group>";
		};
/* End PBXGroup section */

/* Begin PBXNativeTarget section */
		E64F09132D8CA7E200B5DABE /* Vinyls */ = {
			isa = PBXNativeTarget;
			buildConfigurationList = E64F093D2D8CA7E300B5DABE /* Build configuration list for PBXNativeTarget "Vinyls" */;
			buildPhases = (
				E64F09102D8CA7E200B5DABE /* Sources */,
				E64F09112D8CA7E200B5DABE /* Frameworks */,
				E64F09122D8CA7E200B5DABE /* Resources */,
			);
			buildRules = (
			);
			dependencies = (
			);
			fileSystemSynchronizedGroups = (
				E64F09162D8CA7E200B5DABE /* Vinyls */,
			);
			name = Vinyls;
			packageProductDependencies = (
			);
			productName = Vinyls;
			productReference = E64F09142D8CA7E200B5DABE /* Vinyls.app */;
			productType = "com.apple.product-type.application";
		};
		E64F09282D8CA7E300B5DABE /* VinylsTests */ = {
			isa = PBXNativeTarget;
			buildConfigurationList = E64F09402D8CA7E300B5DABE /* Build configuration list for PBXNativeTarget "VinylsTests" */;
			buildPhases = (
				E64F09252D8CA7E300B5DABE /* Sources */,
				E64F09262D8CA7E300B5DABE /* Frameworks */,
				E64F09272D8CA7E300B5DABE /* Resources */,
			);
			buildRules = (
			);
			dependencies = (
				E64F092B2D8CA7E300B5DABE /* PBXTargetDependency */,
			);
			fileSystemSynchronizedGroups = (
				E64F092C2D8CA7E300B5DABE /* VinylsTests */,
			);
			name = VinylsTests;
			packageProductDependencies = (
			);
			productName = VinylsTests;
			productReference = E64F09292D8CA7E300B5DABE /* VinylsTests.xctest */;
			productType = "com.apple.product-type.bundle.unit-test";
		};
		E64F09322D8CA7E300B5DABE /* VinylsUITests */ = {
			isa = PBXNativeTarget;
			buildConfigurationList = E64F09432D8CA7E300B5DABE /* Build configuration list for PBXNativeTarget "VinylsUITests" */;
			buildPhases = (
				E64F092F2D8CA7E300B5DABE /* Sources */,
				E64F09302D8CA7E300B5DABE /* Frameworks */,
				E64F09312D8CA7E300B5DABE /* Resources */,
			);
			buildRules = (
			);
			dependencies = (
				E64F09352D8CA7E300B5DABE /* PBXTargetDependency */,
			);
			fileSystemSynchronizedGroups = (
				E64F09362D8CA7E300B5DABE /* VinylsUITests */,
			);
			name = VinylsUITests;
			packageProductDependencies = (
			);
			productName = VinylsUITests;
			productReference = E64F09332D8CA7E300B5DABE /* VinylsUITests.xctest */;
			productType = "com.apple.product-type.bundle.ui-testing";
		};
/* End PBXNativeTarget section */

/* Begin PBXProject section */
		E64F090C2D8CA7E200B5DABE /* Project object */ = {
			isa = PBXProject;
			attributes = {
				BuildIndependentTargetsInParallel = 1;
				LastSwiftUpdateCheck = 1620;
				LastUpgradeCheck = 1620;
				TargetAttributes = {
					E64F09132D8CA7E200B5DABE = {
						CreatedOnToolsVersion = 16.2;
					};
					E64F09282D8CA7E300B5DABE = {
						CreatedOnToolsVersion = 16.2;
						TestTargetID = E64F09132D8CA7E200B5DABE;
					};
					E64F09322D8CA7E300B5DABE = {
						CreatedOnToolsVersion = 16.2;
						TestTargetID = E64F09132D8CA7E200B5DABE;
					};
				};
			};
			buildConfigurationList = E64F090F2D8CA7E200B5DABE /* Build configuration list for PBXProject "Vinyls" */;
			developmentRegion = en;
			hasScannedForEncodings = 0;
			knownRegions = (
				en,
				Base,
			);
			mainGroup = E64F090B2D8CA7E200B5DABE;
			minimizedProjectReferenceProxies = 1;
			preferredProjectObjectVersion = 77;
			productRefGroup = E64F09152D8CA7E200B5DABE /* Products */;
			projectDirPath = "";
			projectRoot = "";
			targets = (
				E64F09132D8CA7E200B5DABE /* Vinyls */,
				E64F09282D8CA7E300B5DABE /* VinylsTests */,
				E64F09322D8CA7E300B5DABE /* VinylsUITests */,
			);
		};
/* End PBXProject section */

/* Begin PBXResourcesBuildPhase section */
		E64F09122D8CA7E200B5DABE /* Resources */ = {
			isa = PBXResourcesBuildPhase;
			buildActionMask = 2147483647;
			files = (
				E6F88D312E00AF5900D94F9A /* Secrets.xcconfig in Resources */,
				E65B01BC2D97795300BF0024 /* .env in Resources */,
			);
			runOnlyForDeploymentPostprocessing = 0;
		};
		E64F09272D8CA7E300B5DABE /* Resources */ = {
			isa = PBXResourcesBuildPhase;
			buildActionMask = 2147483647;
			files = (
				E6F88D322E00AF5900D94F9A /* Secrets.xcconfig in Resources */,
			);
			runOnlyForDeploymentPostprocessing = 0;
		};
		E64F09312D8CA7E300B5DABE /* Resources */ = {
			isa = PBXResourcesBuildPhase;
			buildActionMask = 2147483647;
			files = (
				E6F88D332E00AF5900D94F9A /* Secrets.xcconfig in Resources */,
			);
			runOnlyForDeploymentPostprocessing = 0;
		};
/* End PBXResourcesBuildPhase section */

/* Begin PBXSourcesBuildPhase section */
		E64F09102D8CA7E200B5DABE /* Sources */ = {
			isa = PBXSourcesBuildPhase;
			buildActionMask = 2147483647;
			files = (
			);
			runOnlyForDeploymentPostprocessing = 0;
		};
		E64F09252D8CA7E300B5DABE /* Sources */ = {
			isa = PBXSourcesBuildPhase;
			buildActionMask = 2147483647;
			files = (
			);
			runOnlyForDeploymentPostprocessing = 0;
		};
		E64F092F2D8CA7E300B5DABE /* Sources */ = {
			isa = PBXSourcesBuildPhase;
			buildActionMask = 2147483647;
			files = (
			);
			runOnlyForDeploymentPostprocessing = 0;
		};
/* End PBXSourcesBuildPhase section */

/* Begin PBXTargetDependency section */
		E64F092B2D8CA7E300B5DABE /* PBXTargetDependency */ = {
			isa = PBXTargetDependency;
			target = E64F09132D8CA7E200B5DABE /* Vinyls */;
			targetProxy = E64F092A2D8CA7E300B5DABE /* PBXContainerItemProxy */;
		};
		E64F09352D8CA7E300B5DABE /* PBXTargetDependency */ = {
			isa = PBXTargetDependency;
			target = E64F09132D8CA7E200B5DABE /* Vinyls */;
			targetProxy = E64F09342D8CA7E300B5DABE /* PBXContainerItemProxy */;
		};
/* End PBXTargetDependency section */

/* Begin XCBuildConfiguration section */
		E64F093B2D8CA7E300B5DABE /* Debug */ = {
			isa = XCBuildConfiguration;
			baseConfigurationReference = E6F88D302E00AF5800D94F9A /* Secrets.xcconfig */;
			buildSettings = {
				ALWAYS_SEARCH_USER_PATHS = NO;
				ASSETCATALOG_COMPILER_GENERATE_SWIFT_ASSET_SYMBOL_EXTENSIONS = YES;
				CLANG_ANALYZER_NONNULL = YES;
				CLANG_ANALYZER_NUMBER_OBJECT_CONVERSION = YES_AGGRESSIVE;
				CLANG_CXX_LANGUAGE_STANDARD = "gnu++20";
				CLANG_ENABLE_MODULES = YES;
				CLANG_ENABLE_OBJC_ARC = YES;
				CLANG_ENABLE_OBJC_WEAK = YES;
				CLANG_WARN_BLOCK_CAPTURE_AUTORELEASING = YES;
				CLANG_WARN_BOOL_CONVERSION = YES;
				CLANG_WARN_COMMA = YES;
				CLANG_WARN_CONSTANT_CONVERSION = YES;
				CLANG_WARN_DEPRECATED_OBJC_IMPLEMENTATIONS = YES;
				CLANG_WARN_DIRECT_OBJC_ISA_USAGE = YES_ERROR;
				CLANG_WARN_DOCUMENTATION_COMMENTS = YES;
				CLANG_WARN_EMPTY_BODY = YES;
				CLANG_WARN_ENUM_CONVERSION = YES;
				CLANG_WARN_INFINITE_RECURSION = YES;
				CLANG_WARN_INT_CONVERSION = YES;
				CLANG_WARN_NON_LITERAL_NULL_CONVERSION = YES;
				CLANG_WARN_OBJC_IMPLICIT_RETAIN_SELF = YES;
				CLANG_WARN_OBJC_LITERAL_CONVERSION = YES;
				CLANG_WARN_OBJC_ROOT_CLASS = YES_ERROR;
				CLANG_WARN_QUOTED_INCLUDE_IN_FRAMEWORK_HEADER = YES;
				CLANG_WARN_RANGE_LOOP_ANALYSIS = YES;
				CLANG_WARN_STRICT_PROTOTYPES = YES;
				CLANG_WARN_SUSPICIOUS_MOVE = YES;
				CLANG_WARN_UNGUARDED_AVAILABILITY = YES_AGGRESSIVE;
				CLANG_WARN_UNREACHABLE_CODE = YES;
				CLANG_WARN__DUPLICATE_METHOD_MATCH = YES;
				COPY_PHASE_STRIP = NO;
				DEBUG_INFORMATION_FORMAT = dwarf;
				ENABLE_STRICT_OBJC_MSGSEND = YES;
				ENABLE_TESTABILITY = YES;
				ENABLE_USER_SCRIPT_SANDBOXING = YES;
				GCC_C_LANGUAGE_STANDARD = gnu17;
				GCC_DYNAMIC_NO_PIC = NO;
				GCC_NO_COMMON_BLOCKS = YES;
				GCC_OPTIMIZATION_LEVEL = 0;
				GCC_PREPROCESSOR_DEFINITIONS = (
					"DEBUG=1",
					"$(inherited)",
				);
				GCC_WARN_64_TO_32_BIT_CONVERSION = YES;
				GCC_WARN_ABOUT_RETURN_TYPE = YES_ERROR;
				GCC_WARN_UNDECLARED_SELECTOR = YES;
				GCC_WARN_UNINITIALIZED_AUTOS = YES_AGGRESSIVE;
				GCC_WARN_UNUSED_FUNCTION = YES;
				GCC_WARN_UNUSED_VARIABLE = YES;
				IPHONEOS_DEPLOYMENT_TARGET = 18.2;
				LOCALIZATION_PREFERS_STRING_CATALOGS = YES;
				MTL_ENABLE_DEBUG_INFO = INCLUDE_SOURCE;
				MTL_FAST_MATH = YES;
				ONLY_ACTIVE_ARCH = YES;
				SDKROOT = iphoneos;
				SWIFT_ACTIVE_COMPILATION_CONDITIONS = "DEBUG $(inherited)";
				SWIFT_OPTIMIZATION_LEVEL = "-Onone";
			};
			name = Debug;
		};
		E64F093C2D8CA7E300B5DABE /* Release */ = {
			isa = XCBuildConfiguration;
			baseConfigurationReference = E6F88D302E00AF5800D94F9A /* Secrets.xcconfig */;
			buildSettings = {
				ALWAYS_SEARCH_USER_PATHS = NO;
				ASSETCATALOG_COMPILER_GENERATE_SWIFT_ASSET_SYMBOL_EXTENSIONS = YES;
				CLANG_ANALYZER_NONNULL = YES;
				CLANG_ANALYZER_NUMBER_OBJECT_CONVERSION = YES_AGGRESSIVE;
				CLANG_CXX_LANGUAGE_STANDARD = "gnu++20";
				CLANG_ENABLE_MODULES = YES;
				CLANG_ENABLE_OBJC_ARC = YES;
				CLANG_ENABLE_OBJC_WEAK = YES;
				CLANG_WARN_BLOCK_CAPTURE_AUTORELEASING = YES;
				CLANG_WARN_BOOL_CONVERSION = YES;
				CLANG_WARN_COMMA = YES;
				CLANG_WARN_CONSTANT_CONVERSION = YES;
				CLANG_WARN_DEPRECATED_OBJC_IMPLEMENTATIONS = YES;
				CLANG_WARN_DIRECT_OBJC_ISA_USAGE = YES_ERROR;
				CLANG_WARN_DOCUMENTATION_COMMENTS = YES;
				CLANG_WARN_EMPTY_BODY = YES;
				CLANG_WARN_ENUM_CONVERSION = YES;
				CLANG_WARN_INFINITE_RECURSION = YES;
				CLANG_WARN_INT_CONVERSION = YES;
				CLANG_WARN_NON_LITERAL_NULL_CONVERSION = YES;
				CLANG_WARN_OBJC_IMPLICIT_RETAIN_SELF = YES;
				CLANG_WARN_OBJC_LITERAL_CONVERSION = YES;
				CLANG_WARN_OBJC_ROOT_CLASS = YES_ERROR;
				CLANG_WARN_QUOTED_INCLUDE_IN_FRAMEWORK_HEADER = YES;
				CLANG_WARN_RANGE_LOOP_ANALYSIS = YES;
				CLANG_WARN_STRICT_PROTOTYPES = YES;
				CLANG_WARN_SUSPICIOUS_MOVE = YES;
				CLANG_WARN_UNGUARDED_AVAILABILITY = YES_AGGRESSIVE;
				CLANG_WARN_UNREACHABLE_CODE = YES;
				CLANG_WARN__DUPLICATE_METHOD_MATCH = YES;
				COPY_PHASE_STRIP = NO;
				DEBUG_INFORMATION_FORMAT = "dwarf-with-dsym";
				ENABLE_NS_ASSERTIONS = NO;
				ENABLE_STRICT_OBJC_MSGSEND = YES;
				ENABLE_USER_SCRIPT_SANDBOXING = YES;
				GCC_C_LANGUAGE_STANDARD = gnu17;
				GCC_NO_COMMON_BLOCKS = YES;
				GCC_WARN_64_TO_32_BIT_CONVERSION = YES;
				GCC_WARN_ABOUT_RETURN_TYPE = YES_ERROR;
				GCC_WARN_UNDECLARED_SELECTOR = YES;
				GCC_WARN_UNINITIALIZED_AUTOS = YES_AGGRESSIVE;
				GCC_WARN_UNUSED_FUNCTION = YES;
				GCC_WARN_UNUSED_VARIABLE = YES;
				IPHONEOS_DEPLOYMENT_TARGET = 18.2;
				LOCALIZATION_PREFERS_STRING_CATALOGS = YES;
				MTL_ENABLE_DEBUG_INFO = NO;
				MTL_FAST_MATH = YES;
				SDKROOT = iphoneos;
				SWIFT_COMPILATION_MODE = wholemodule;
				VALIDATE_PRODUCT = YES;
			};
			name = Release;
		};
		E64F093E2D8CA7E300B5DABE /* Debug */ = {
			isa = XCBuildConfiguration;
			buildSettings = {
				ASSETCATALOG_COMPILER_APPICON_NAME = AppIcon;
				ASSETCATALOG_COMPILER_GLOBAL_ACCENT_COLOR_NAME = AccentColor;
				CODE_SIGN_STYLE = Automatic;
				CURRENT_PROJECT_VERSION = 1;
				DEVELOPMENT_ASSET_PATHS = "\"Vinyls/Preview Content\"";
				DEVELOPMENT_TEAM = 55VL5TPD7X;
				ENABLE_PREVIEWS = YES;
				GENERATE_INFOPLIST_FILE = YES;
				INFOPLIST_FILE = Vinyls/Info.plist;
				INFOPLIST_KEY_CFBundleDisplayName = Vinyls;
				INFOPLIST_KEY_NSCameraUsageDescription = "Camera access is needed to scan barcodes";
				INFOPLIST_KEY_UIApplicationSceneManifest_Generation = YES;
				INFOPLIST_KEY_UIApplicationSupportsIndirectInputEvents = YES;
				INFOPLIST_KEY_UILaunchScreen_Generation = YES;
				INFOPLIST_KEY_UISupportedInterfaceOrientations_iPad = "UIInterfaceOrientationPortrait UIInterfaceOrientationPortraitUpsideDown UIInterfaceOrientationLandscapeLeft UIInterfaceOrientationLandscapeRight";
				INFOPLIST_KEY_UISupportedInterfaceOrientations_iPhone = "UIInterfaceOrientationPortrait UIInterfaceOrientationLandscapeLeft UIInterfaceOrientationLandscapeRight";
				LD_RUNPATH_SEARCH_PATHS = (
					"$(inherited)",
					"@executable_path/Frameworks",
				);
				MARKETING_VERSION = 1.0;
				PRODUCT_BUNDLE_IDENTIFIER = aeiou.Vinyls;
				PRODUCT_NAME = "$(TARGET_NAME)";
				SWIFT_EMIT_LOC_STRINGS = YES;
				SWIFT_VERSION = 5.0;
				TARGETED_DEVICE_FAMILY = "1,2";
			};
			name = Debug;
		};
		E64F093F2D8CA7E300B5DABE /* Release */ = {
			isa = XCBuildConfiguration;
			buildSettings = {
				ASSETCATALOG_COMPILER_APPICON_NAME = AppIcon;
				ASSETCATALOG_COMPILER_GLOBAL_ACCENT_COLOR_NAME = AccentColor;
				CODE_SIGN_STYLE = Automatic;
				CURRENT_PROJECT_VERSION = 1;
				DEVELOPMENT_ASSET_PATHS = "\"Vinyls/Preview Content\"";
				DEVELOPMENT_TEAM = 55VL5TPD7X;
				ENABLE_PREVIEWS = YES;
				GENERATE_INFOPLIST_FILE = YES;
				INFOPLIST_FILE = Vinyls/Info.plist;
				INFOPLIST_KEY_CFBundleDisplayName = Vinyls;
				INFOPLIST_KEY_NSCameraUsageDescription = "Camera access is needed to scan barcodes";
				INFOPLIST_KEY_UIApplicationSceneManifest_Generation = YES;
				INFOPLIST_KEY_UIApplicationSupportsIndirectInputEvents = YES;
				INFOPLIST_KEY_UILaunchScreen_Generation = YES;
				INFOPLIST_KEY_UISupportedInterfaceOrientations_iPad = "UIInterfaceOrientationPortrait UIInterfaceOrientationPortraitUpsideDown UIInterfaceOrientationLandscapeLeft UIInterfaceOrientationLandscapeRight";
				INFOPLIST_KEY_UISupportedInterfaceOrientations_iPhone = "UIInterfaceOrientationPortrait UIInterfaceOrientationLandscapeLeft UIInterfaceOrientationLandscapeRight";
				LD_RUNPATH_SEARCH_PATHS = (
					"$(inherited)",
					"@executable_path/Frameworks",
				);
				MARKETING_VERSION = 1.0;
				PRODUCT_BUNDLE_IDENTIFIER = aeiou.Vinyls;
				PRODUCT_NAME = "$(TARGET_NAME)";
				SWIFT_EMIT_LOC_STRINGS = YES;
				SWIFT_VERSION = 5.0;
				TARGETED_DEVICE_FAMILY = "1,2";
			};
			name = Release;
		};
		E64F09412D8CA7E300B5DABE /* Debug */ = {
			isa = XCBuildConfiguration;
			buildSettings = {
				BUNDLE_LOADER = "$(TEST_HOST)";
				CODE_SIGN_STYLE = Automatic;
				CURRENT_PROJECT_VERSION = 1;
				GENERATE_INFOPLIST_FILE = YES;
				IPHONEOS_DEPLOYMENT_TARGET = 18.2;
				MARKETING_VERSION = 1.0;
				PRODUCT_BUNDLE_IDENTIFIER = aeiou.VinylsTests;
				PRODUCT_NAME = "$(TARGET_NAME)";
				SWIFT_EMIT_LOC_STRINGS = NO;
				SWIFT_VERSION = 5.0;
				TARGETED_DEVICE_FAMILY = "1,2";
				TEST_HOST = "$(BUILT_PRODUCTS_DIR)/Vinyls.app/$(BUNDLE_EXECUTABLE_FOLDER_PATH)/Vinyls";
			};
			name = Debug;
		};
		E64F09422D8CA7E300B5DABE /* Release */ = {
			isa = XCBuildConfiguration;
			buildSettings = {
				BUNDLE_LOADER = "$(TEST_HOST)";
				CODE_SIGN_STYLE = Automatic;
				CURRENT_PROJECT_VERSION = 1;
				GENERATE_INFOPLIST_FILE = YES;
				IPHONEOS_DEPLOYMENT_TARGET = 18.2;
				MARKETING_VERSION = 1.0;
				PRODUCT_BUNDLE_IDENTIFIER = aeiou.VinylsTests;
				PRODUCT_NAME = "$(TARGET_NAME)";
				SWIFT_EMIT_LOC_STRINGS = NO;
				SWIFT_VERSION = 5.0;
				TARGETED_DEVICE_FAMILY = "1,2";
				TEST_HOST = "$(BUILT_PRODUCTS_DIR)/Vinyls.app/$(BUNDLE_EXECUTABLE_FOLDER_PATH)/Vinyls";
			};
			name = Release;
		};
		E64F09442D8CA7E300B5DABE /* Debug */ = {
			isa = XCBuildConfiguration;
			buildSettings = {
				CODE_SIGN_STYLE = Automatic;
				CURRENT_PROJECT_VERSION = 1;
				GENERATE_INFOPLIST_FILE = YES;
				MARKETING_VERSION = 1.0;
				PRODUCT_BUNDLE_IDENTIFIER = aeiou.VinylsUITests;
				PRODUCT_NAME = "$(TARGET_NAME)";
				SWIFT_EMIT_LOC_STRINGS = NO;
				SWIFT_VERSION = 5.0;
				TARGETED_DEVICE_FAMILY = "1,2";
				TEST_TARGET_NAME = Vinyls;
			};
			name = Debug;
		};
		E64F09452D8CA7E300B5DABE /* Release */ = {
			isa = XCBuildConfiguration;
			buildSettings = {
				CODE_SIGN_STYLE = Automatic;
				CURRENT_PROJECT_VERSION = 1;
				GENERATE_INFOPLIST_FILE = YES;
				MARKETING_VERSION = 1.0;
				PRODUCT_BUNDLE_IDENTIFIER = aeiou.VinylsUITests;
				PRODUCT_NAME = "$(TARGET_NAME)";
				SWIFT_EMIT_LOC_STRINGS = NO;
				SWIFT_VERSION = 5.0;
				TARGETED_DEVICE_FAMILY = "1,2";
				TEST_TARGET_NAME = Vinyls;
			};
			name = Release;
		};
/* End XCBuildConfiguration section */

/* Begin XCConfigurationList section */
		E64F090F2D8CA7E200B5DABE /* Build configuration list for PBXProject "Vinyls" */ = {
			isa = XCConfigurationList;
			buildConfigurations = (
				E64F093B2D8CA7E300B5DABE /* Debug */,
				E64F093C2D8CA7E300B5DABE /* Release */,
			);
			defaultConfigurationIsVisible = 0;
			defaultConfigurationName = Release;
		};
		E64F093D2D8CA7E300B5DABE /* Build configuration list for PBXNativeTarget "Vinyls" */ = {
			isa = XCConfigurationList;
			buildConfigurations = (
				E64F093E2D8CA7E300B5DABE /* Debug */,
				E64F093F2D8CA7E300B5DABE /* Release */,
			);
			defaultConfigurationIsVisible = 0;
			defaultConfigurationName = Release;
		};
		E64F09402D8CA7E300B5DABE /* Build configuration list for PBXNativeTarget "VinylsTests" */ = {
			isa = XCConfigurationList;
			buildConfigurations = (
				E64F09412D8CA7E300B5DABE /* Debug */,
				E64F09422D8CA7E300B5DABE /* Release */,
			);
			defaultConfigurationIsVisible = 0;
			defaultConfigurationName = Release;
		};
		E64F09432D8CA7E300B5DABE /* Build configuration list for PBXNativeTarget "VinylsUITests" */ = {
			isa = XCConfigurationList;
			buildConfigurations = (
				E64F09442D8CA7E300B5DABE /* Debug */,
				E64F09452D8CA7E300B5DABE /* Release */,
			);
			defaultConfigurationIsVisible = 0;
			defaultConfigurationName = Release;
		};
/* End XCConfigurationList section */
	};
	rootObject = E64F090C2D8CA7E200B5DABE /* Project object */;
}
